Microsoft Visual Studio Solution File, Format Version 10.00
# Visual C++ Express 2008
Project("{8BC9CEB8-8B4A-11D0-8D11-00A0C91BC942}") = "PseuWoW", "src\PseuWoW_VC90.vcproj", "{EFFE60F4-DA39-41E8-9E53-E462000A2D91}"
	ProjectSection(ProjectDependencies) = postProject
		{E08E042A-6C45-411B-92BE-3CC31331019F} = {E08E042A-6C45-411B-92BE-3CC31331019F}
		{8F1DEA42-6A5B-4B62-839D-C141A7BFACF2} = {8F1DEA42-6A5B-4B62-839D-C141A7BFACF2}
		{F548FC51-24A4-45FF-A381-BEBC39F18270} = {F548FC51-24A4-45FF-A381-BEBC39F18270}
		{262199E8-EEDF-4700-A1D1-E9CC901CF480} = {262199E8-EEDF-4700-A1D1-E9CC901CF480}
	EndProjectSection
EndProject
Project("{8BC9CEB8-8B4A-11D0-8D11-00A0C91BC942}") = "zlib", "src\zlib_VC90.vcproj", "{8F1DEA42-6A5B-4B62-839D-C141A7BFACF2}"
EndProject
Project("{8BC9CEB8-8B4A-11D0-8D11-00A0C91BC942}") = "zthread", "src\zthread_VC90.vcproj", "{262199E8-EEDF-4700-A1D1-E9CC901CF480}"
EndProject
Project("{8BC9CEB8-8B4A-11D0-8D11-00A0C91BC942}") = "shared", "src\shared_VC90.vcproj", "{F548FC51-24A4-45FF-A381-BEBC39F18270}"
	ProjectSection(ProjectDependencies) = postProject
		{8F1DEA42-6A5B-4B62-839D-C141A7BFACF2} = {8F1DEA42-6A5B-4B62-839D-C141A7BFACF2}
		{262199E8-EEDF-4700-A1D1-E9CC901CF480} = {262199E8-EEDF-4700-A1D1-E9CC901CF480}
	EndProjectSection
EndProject
Project("{8BC9CEB8-8B4A-11D0-8D11-00A0C91BC942}") = "StuffExtract", "src\tools\stuffextract_VC90.vcproj", "{F14CA928-E505-41F1-BE45-CCF6B85547D2}"
	ProjectSection(ProjectDependencies) = postProject
		{8F1DEA42-6A5B-4B62-839D-C141A7BFACF2} = {8F1DEA42-6A5B-4B62-839D-C141A7BFACF2}
		{F548FC51-24A4-45FF-A381-BEBC39F18270} = {F548FC51-24A4-45FF-A381-BEBC39F18270}
	EndProjectSection
EndProject
Project("{8BC9CEB8-8B4A-11D0-8D11-00A0C91BC942}") = "Irrlicht", "src\dep\src\irrlicht\Irrlicht9.0.vcproj", "{E08E042A-6C45-411B-92BE-3CC31331019F}"
EndProject
Global
	GlobalSection(SolutionConfigurationPlatforms) = preSolution
		Debug|Win32 = Debug|Win32
		Relase - Fast FPU|Win32 = Relase - Fast FPU|Win32
		Release - Fast FPU DebugInfo|Win32 = Release - Fast FPU DebugInfo|Win32
		Release - Fast FPU|Win32 = Release - Fast FPU|Win32
		Release - No console|Win32 = Release - No console|Win32
		Release noconsole|Win32 = Release noconsole|Win32
		Release|Win32 = Release|Win32
		Static lib - Debug|Win32 = Static lib - Debug|Win32
		Static lib - Release - Fast FPU|Win32 = Static lib - Release - Fast FPU|Win32
		Static lib - Release|Win32 = Static lib - Release|Win32
	EndGlobalSection
	GlobalSection(ProjectConfigurationPlatforms) = postSolution
		{EFFE60F4-DA39-41E8-9E53-E462000A2D91}.Debug|Win32.ActiveCfg = Debug|Win32
		{EFFE60F4-DA39-41E8-9E53-E462000A2D91}.Debug|Win32.Build.0 = Debug|Win32
		{EFFE60F4-DA39-41E8-9E53-E462000A2D91}.Relase - Fast FPU|Win32.ActiveCfg = Release|Win32
		{EFFE60F4-DA39-41E8-9E53-E462000A2D91}.Relase - Fast FPU|Win32.Build.0 = Release|Win32
		{EFFE60F4-DA39-41E8-9E53-E462000A2D91}.Release - Fast FPU DebugInfo|Win32.ActiveCfg = Release|Win32
		{EFFE60F4-DA39-41E8-9E53-E462000A2D91}.Release - Fast FPU DebugInfo|Win32.Build.0 = Release|Win32
		{EFFE60F4-DA39-41E8-9E53-E462000A2D91}.Release - Fast FPU|Win32.ActiveCfg = Release|Win32
		{EFFE60F4-DA39-41E8-9E53-E462000A2D91}.Release - Fast FPU|Win32.Build.0 = Release|Win32
		{EFFE60F4-DA39-41E8-9E53-E462000A2D91}.Release - No console|Win32.ActiveCfg = Release noconsole|Win32
		{EFFE60F4-DA39-41E8-9E53-E462000A2D91}.Release - No console|Win32.Build.0 = Release noconsole|Win32
		{EFFE60F4-DA39-41E8-9E53-E462000A2D91}.Release noconsole|Win32.ActiveCfg = Release noconsole|Win32
		{EFFE60F4-DA39-41E8-9E53-E462000A2D91}.Release noconsole|Win32.Build.0 = Release noconsole|Win32
		{EFFE60F4-DA39-41E8-9E53-E462000A2D91}.Release|Win32.ActiveCfg = Release|Win32
		{EFFE60F4-DA39-41E8-9E53-E462000A2D91}.Release|Win32.Build.0 = Release|Win32
		{EFFE60F4-DA39-41E8-9E53-E462000A2D91}.Static lib - Debug|Win32.ActiveCfg = Debug|Win32
		{EFFE60F4-DA39-41E8-9E53-E462000A2D91}.Static lib - Debug|Win32.Build.0 = Debug|Win32
		{EFFE60F4-DA39-41E8-9E53-E462000A2D91}.Static lib - Release - Fast FPU|Win32.ActiveCfg = Release|Win32
		{EFFE60F4-DA39-41E8-9E53-E462000A2D91}.Static lib - Release - Fast FPU|Win32.Build.0 = Release|Win32
		{EFFE60F4-DA39-41E8-9E53-E462000A2D91}.Static lib - Release|Win32.ActiveCfg = Release|Win32
		{EFFE60F4-DA39-41E8-9E53-E462000A2D91}.Static lib - Release|Win32.Build.0 = Release|Win32
		{8F1DEA42-6A5B-4B62-839D-C141A7BFACF2}.Debug|Win32.ActiveCfg = Debug|Win32
		{8F1DEA42-6A5B-4B62-839D-C141A7BFACF2}.Debug|Win32.Build.0 = Debug|Win32
		{8F1DEA42-6A5B-4B62-839D-C141A7BFACF2}.Relase - Fast FPU|Win32.ActiveCfg = Release|Win32
		{8F1DEA42-6A5B-4B62-839D-C141A7BFACF2}.Relase - Fast FPU|Win32.Build.0 = Release|Win32
		{8F1DEA42-6A5B-4B62-839D-C141A7BFACF2}.Release - Fast FPU DebugInfo|Win32.ActiveCfg = Release|Win32
		{8F1DEA42-6A5B-4B62-839D-C141A7BFACF2}.Release - Fast FPU DebugInfo|Win32.Build.0 = Release|Win32
		{8F1DEA42-6A5B-4B62-839D-C141A7BFACF2}.Release - Fast FPU|Win32.ActiveCfg = Release|Win32
		{8F1DEA42-6A5B-4B62-839D-C141A7BFACF2}.Release - Fast FPU|Win32.Build.0 = Release|Win32
		{8F1DEA42-6A5B-4B62-839D-C141A7BFACF2}.Release - No console|Win32.ActiveCfg = Release|Win32
		{8F1DEA42-6A5B-4B62-839D-C141A7BFACF2}.Release - No console|Win32.Build.0 = Release|Win32
		{8F1DEA42-6A5B-4B62-839D-C141A7BFACF2}.Release noconsole|Win32.ActiveCfg = Release|Win32
		{8F1DEA42-6A5B-4B62-839D-C141A7BFACF2}.Release noconsole|Win32.Build.0 = Release|Win32
		{8F1DEA42-6A5B-4B62-839D-C141A7BFACF2}.Release|Win32.ActiveCfg = Release|Win32
		{8F1DEA42-6A5B-4B62-839D-C141A7BFACF2}.Release|Win32.Build.0 = Release|Win32
		{8F1DEA42-6A5B-4B62-839D-C141A7BFACF2}.Static lib - Debug|Win32.ActiveCfg = Debug|Win32
		{8F1DEA42-6A5B-4B62-839D-C141A7BFACF2}.Static lib - Debug|Win32.Build.0 = Debug|Win32
		{8F1DEA42-6A5B-4B62-839D-C141A7BFACF2}.Static lib - Release - Fast FPU|Win32.ActiveCfg = Release|Win32
		{8F1DEA42-6A5B-4B62-839D-C141A7BFACF2}.Static lib - Release - Fast FPU|Win32.Build.0 = Release|Win32
		{8F1DEA42-6A5B-4B62-839D-C141A7BFACF2}.Static lib - Release|Win32.ActiveCfg = Release|Win32
		{8F1DEA42-6A5B-4B62-839D-C141A7BFACF2}.Static lib - Release|Win32.Build.0 = Release|Win32
		{262199E8-EEDF-4700-A1D1-E9CC901CF480}.Debug|Win32.ActiveCfg = Debug|Win32
		{262199E8-EEDF-4700-A1D1-E9CC901CF480}.Debug|Win32.Build.0 = Debug|Win32
		{262199E8-EEDF-4700-A1D1-E9CC901CF480}.Relase - Fast FPU|Win32.ActiveCfg = Release|Win32
		{262199E8-EEDF-4700-A1D1-E9CC901CF480}.Relase - Fast FPU|Win32.Build.0 = Release|Win32
		{262199E8-EEDF-4700-A1D1-E9CC901CF480}.Release - Fast FPU DebugInfo|Win32.ActiveCfg = Release|Win32
		{262199E8-EEDF-4700-A1D1-E9CC901CF480}.Release - Fast FPU DebugInfo|Win32.Build.0 = Release|Win32
		{262199E8-EEDF-4700-A1D1-E9CC901CF480}.Release - Fast FPU|Win32.ActiveCfg = Release|Win32
		{262199E8-EEDF-4700-A1D1-E9CC901CF480}.Release - Fast FPU|Win32.Build.0 = Release|Win32
		{262199E8-EEDF-4700-A1D1-E9CC901CF480}.Release - No console|Win32.ActiveCfg = Release|Win32
		{262199E8-EEDF-4700-A1D1-E9CC901CF480}.Release - No console|Win32.Build.0 = Release|Win32
		{262199E8-EEDF-4700-A1D1-E9CC901CF480}.Release noconsole|Win32.ActiveCfg = Release|Win32
		{262199E8-EEDF-4700-A1D1-E9CC901CF480}.Release noconsole|Win32.Build.0 = Release|Win32
		{262199E8-EEDF-4700-A1D1-E9CC901CF480}.Release|Win32.ActiveCfg = Release|Win32
		{262199E8-EEDF-4700-A1D1-E9CC901CF480}.Release|Win32.Build.0 = Release|Win32
		{262199E8-EEDF-4700-A1D1-E9CC901CF480}.Static lib - Debug|Win32.ActiveCfg = Debug|Win32
		{262199E8-EEDF-4700-A1D1-E9CC901CF480}.Static lib - Debug|Win32.Build.0 = Debug|Win32
		{262199E8-EEDF-4700-A1D1-E9CC901CF480}.Static lib - Release - Fast FPU|Win32.ActiveCfg = Release|Win32
		{262199E8-EEDF-4700-A1D1-E9CC901CF480}.Static lib - Release - Fast FPU|Win32.Build.0 = Release|Win32
		{262199E8-EEDF-4700-A1D1-E9CC901CF480}.Static lib - Release|Win32.ActiveCfg = Release|Win32
		{262199E8-EEDF-4700-A1D1-E9CC901CF480}.Static lib - Release|Win32.Build.0 = Release|Win32
		{F548FC51-24A4-45FF-A381-BEBC39F18270}.Debug|Win32.ActiveCfg = Debug|Win32
		{F548FC51-24A4-45FF-A381-BEBC39F18270}.Debug|Win32.Build.0 = Debug|Win32
		{F548FC51-24A4-45FF-A381-BEBC39F18270}.Relase - Fast FPU|Win32.ActiveCfg = Release|Win32
		{F548FC51-24A4-45FF-A381-BEBC39F18270}.Relase - Fast FPU|Win32.Build.0 = Release|Win32
		{F548FC51-24A4-45FF-A381-BEBC39F18270}.Release - Fast FPU DebugInfo|Win32.ActiveCfg = Release|Win32
		{F548FC51-24A4-45FF-A381-BEBC39F18270}.Release - Fast FPU DebugInfo|Win32.Build.0 = Release|Win32
		{F548FC51-24A4-45FF-A381-BEBC39F18270}.Release - Fast FPU|Win32.ActiveCfg = Release|Win32
		{F548FC51-24A4-45FF-A381-BEBC39F18270}.Release - Fast FPU|Win32.Build.0 = Release|Win32
		{F548FC51-24A4-45FF-A381-BEBC39F18270}.Release - No console|Win32.ActiveCfg = Release|Win32
		{F548FC51-24A4-45FF-A381-BEBC39F18270}.Release - No console|Win32.Build.0 = Release|Win32
		{F548FC51-24A4-45FF-A381-BEBC39F18270}.Release noconsole|Win32.ActiveCfg = Release|Win32
		{F548FC51-24A4-45FF-A381-BEBC39F18270}.Release noconsole|Win32.Build.0 = Release|Win32
		{F548FC51-24A4-45FF-A381-BEBC39F18270}.Release|Win32.ActiveCfg = Release|Win32
		{F548FC51-24A4-45FF-A381-BEBC39F18270}.Release|Win32.Build.0 = Release|Win32
		{F548FC51-24A4-45FF-A381-BEBC39F18270}.Static lib - Debug|Win32.ActiveCfg = Debug|Win32
		{F548FC51-24A4-45FF-A381-BEBC39F18270}.Static lib - Debug|Win32.Build.0 = Debug|Win32
		{F548FC51-24A4-45FF-A381-BEBC39F18270}.Static lib - Release - Fast FPU|Win32.ActiveCfg = Release|Win32
		{F548FC51-24A4-45FF-A381-BEBC39F18270}.Static lib - Release - Fast FPU|Win32.Build.0 = Release|Win32
		{F548FC51-24A4-45FF-A381-BEBC39F18270}.Static lib - Release|Win32.ActiveCfg = Release|Win32
		{F548FC51-24A4-45FF-A381-BEBC39F18270}.Static lib - Release|Win32.Build.0 = Release|Win32
		{F14CA928-E505-41F1-BE45-CCF6B85547D2}.Debug|Win32.ActiveCfg = Debug|Win32
		{F14CA928-E505-41F1-BE45-CCF6B85547D2}.Relase - Fast FPU|Win32.ActiveCfg = Release|Win32
		{F14CA928-E505-41F1-BE45-CCF6B85547D2}.Release - Fast FPU DebugInfo|Win32.ActiveCfg = Release|Win32
		{F14CA928-E505-41F1-BE45-CCF6B85547D2}.Release - Fast FPU|Win32.ActiveCfg = Release|Win32
		{F14CA928-E505-41F1-BE45-CCF6B85547D2}.Release - No console|Win32.ActiveCfg = Release|Win32
		{F14CA928-E505-41F1-BE45-CCF6B85547D2}.Release noconsole|Win32.ActiveCfg = Release|Win32
		{F14CA928-E505-41F1-BE45-CCF6B85547D2}.Release noconsole|Win32.Build.0 = Release|Win32
		{F14CA928-E505-41F1-BE45-CCF6B85547D2}.Release|Win32.ActiveCfg = Release|Win32
		{F14CA928-E505-41F1-BE45-CCF6B85547D2}.Static lib - Debug|Win32.ActiveCfg = Debug|Win32
		{F14CA928-E505-41F1-BE45-CCF6B85547D2}.Static lib - Release - Fast FPU|Win32.ActiveCfg = Release|Win32
		{F14CA928-E505-41F1-BE45-CCF6B85547D2}.Static lib - Release|Win32.ActiveCfg = Release|Win32
		{E08E042A-6C45-411B-92BE-3CC31331019F}.Debug|Win32.ActiveCfg = Debug|Win32
		{E08E042A-6C45-411B-92BE-3CC31331019F}.Debug|Win32.Build.0 = Debug|Win32
		{E08E042A-6C45-411B-92BE-3CC31331019F}.Relase - Fast FPU|Win32.ActiveCfg = Release - Fast FPU|Win32
		{E08E042A-6C45-411B-92BE-3CC31331019F}.Relase - Fast FPU|Win32.Build.0 = Release - Fast FPU|Win32
		{E08E042A-6C45-411B-92BE-3CC31331019F}.Release - Fast FPU DebugInfo|Win32.ActiveCfg = Release - Fast FPU|Win32
		{E08E042A-6C45-411B-92BE-3CC31331019F}.Release - Fast FPU DebugInfo|Win32.Build.0 = Release - Fast FPU|Win32
		{E08E042A-6C45-411B-92BE-3CC31331019F}.Release - Fast FPU|Win32.ActiveCfg = Release - Fast FPU|Win32
		{E08E042A-6C45-411B-92BE-3CC31331019F}.Release - Fast FPU|Win32.Build.0 = Release - Fast FPU|Win32
		{E08E042A-6C45-411B-92BE-3CC31331019F}.Release - No console|Win32.ActiveCfg = Release - Fast FPU|Win32
		{E08E042A-6C45-411B-92BE-3CC31331019F}.Release - No console|Win32.Build.0 = Release - Fast FPU|Win32
		{E08E042A-6C45-411B-92BE-3CC31331019F}.Release noconsole|Win32.ActiveCfg = Release - Fast FPU|Win32
		{E08E042A-6C45-411B-92BE-3CC31331019F}.Release noconsole|Win32.Build.0 = Release - Fast FPU|Win32
		{E08E042A-6C45-411B-92BE-3CC31331019F}.Release|Win32.ActiveCfg = Release|Win32
		{E08E042A-6C45-411B-92BE-3CC31331019F}.Release|Win32.Build.0 = Release|Win32
		{E08E042A-6C45-411B-92BE-3CC31331019F}.Static lib - Debug|Win32.ActiveCfg = Static lib - Debug|Win32
		{E08E042A-6C45-411B-92BE-3CC31331019F}.Static lib - Debug|Win32.Build.0 = Static lib - Debug|Win32
		{E08E042A-6C45-411B-92BE-3CC31331019F}.Static lib - Release - Fast FPU|Win32.ActiveCfg = Static lib - Release - Fast FPU|Win32
		{E08E042A-6C45-411B-92BE-3CC31331019F}.Static lib - Release - Fast FPU|Win32.Build.0 = Static lib - Release - Fast FPU|Win32
		{E08E042A-6C45-411B-92BE-3CC31331019F}.Static lib - Release|Win32.ActiveCfg = Static lib - Release|Win32
		{E08E042A-6C45-411B-92BE-3CC31331019F}.Static lib - Release|Win32.Build.0 = Static lib - Release|Win32
	EndGlobalSection
	GlobalSection(SolutionProperties) = preSolution
		HideSolutionNode = FALSE
	EndGlobalSection
EndGlobal
