Microsoft Visual Studio Solution File, Format Version 8.00
Project("{8BC9CEB8-8B4A-11D0-8D11-00A0C91BC942}") = "PseuWoW", "src\PseuWoW.vcproj", "{EFFE60F4-DA39-41E8-9E53-E462000A2D91}"
	ProjectSection(ProjectDependencies) = postProject
		{8F1DEA42-6A5B-4B62-839D-C141A7BFACF2} = {8F1DEA42-6A5B-4B62-839D-C141A7BFACF2}
		{F548FC51-24A4-45FF-A381-BEBC39F18270} = {F548FC51-24A4-45FF-A381-BEBC39F18270}
		{262199E8-EEDF-4700-A1D1-E9CC901CF480} = {262199E8-EEDF-4700-A1D1-E9CC901CF480}
	EndProjectSection
EndProject
Project("{8BC9CEB8-8B4A-11D0-8D11-00A0C91BC942}") = "zlib", "src\zlib.vcproj", "{8F1DEA42-6A5B-4B62-839D-C141A7BFACF2}"
	ProjectSection(ProjectDependencies) = postProject
	EndProjectSection
EndProject
Project("{8BC9CEB8-8B4A-11D0-8D11-00A0C91BC942}") = "zthread", "src\zthread.vcproj", "{262199E8-EEDF-4700-A1D1-E9CC901CF480}"
	ProjectSection(ProjectDependencies) = postProject
	EndProjectSection
EndProject
Project("{8BC9CEB8-8B4A-11D0-8D11-00A0C91BC942}") = "shared", "src\shared.vcproj", "{F548FC51-24A4-45FF-A381-BEBC39F18270}"
	ProjectSection(ProjectDependencies) = postProject
		{8F1DEA42-6A5B-4B62-839D-C141A7BFACF2} = {8F1DEA42-6A5B-4B62-839D-C141A7BFACF2}
		{262199E8-EEDF-4700-A1D1-E9CC901CF480} = {262199E8-EEDF-4700-A1D1-E9CC901CF480}
	EndProjectSection
EndProject
Global
	GlobalSection(SolutionConfiguration) = preSolution
		Debug = Debug
		Release = Release
	EndGlobalSection
	GlobalSection(ProjectConfiguration) = postSolution
		{EFFE60F4-DA39-41E8-9E53-E462000A2D91}.Debug.ActiveCfg = Debug|Win32
		{EFFE60F4-DA39-41E8-9E53-E462000A2D91}.Debug.Build.0 = Debug|Win32
		{EFFE60F4-DA39-41E8-9E53-E462000A2D91}.Release.ActiveCfg = Release|Win32
		{EFFE60F4-DA39-41E8-9E53-E462000A2D91}.Release.Build.0 = Release|Win32
		{8F1DEA42-6A5B-4B62-839D-C141A7BFACF2}.Debug.ActiveCfg = Debug|Win32
		{8F1DEA42-6A5B-4B62-839D-C141A7BFACF2}.Debug.Build.0 = Debug|Win32
		{8F1DEA42-6A5B-4B62-839D-C141A7BFACF2}.Release.ActiveCfg = Release|Win32
		{8F1DEA42-6A5B-4B62-839D-C141A7BFACF2}.Release.Build.0 = Release|Win32
		{262199E8-EEDF-4700-A1D1-E9CC901CF480}.Debug.ActiveCfg = Debug|Win32
		{262199E8-EEDF-4700-A1D1-E9CC901CF480}.Debug.Build.0 = Debug|Win32
		{262199E8-EEDF-4700-A1D1-E9CC901CF480}.Release.ActiveCfg = Release|Win32
		{262199E8-EEDF-4700-A1D1-E9CC901CF480}.Release.Build.0 = Release|Win32
		{F548FC51-24A4-45FF-A381-BEBC39F18270}.Debug.ActiveCfg = Debug|Win32
		{F548FC51-24A4-45FF-A381-BEBC39F18270}.Debug.Build.0 = Debug|Win32
		{F548FC51-24A4-45FF-A381-BEBC39F18270}.Release.ActiveCfg = Release|Win32
		{F548FC51-24A4-45FF-A381-BEBC39F18270}.Release.Build.0 = Release|Win32
	EndGlobalSection
	GlobalSection(ExtensibilityGlobals) = postSolution
	EndGlobalSection
	GlobalSection(ExtensibilityAddIns) = postSolution
	EndGlobalSection
EndGlobal
